# This file is automatically @generated by Cargo.
# It is not intended for manual editing.
version = 4

[[package]]
name = "audio-feature-lab"
version = "0.1.0"
dependencies = [
 "audio-feature-lab-config",
]

[[package]]
name = "audio-feature-lab-config"
version = "0.1.0"

[[package]]
name = "audio-feature-lab-core"
version = "0.1.0"

[[package]]
name = "audio-feature-lab-ffi"
version = "0.1.0"
